// !$*UTF8*$!
{
	archiveVersion = 1;
	classes = {
	};
	objectVersion = 46;
	objects = {

/* Begin PBXBuildFile section */
		3E681AC73A6823842B59BE54 /* Pods_FetchedResultsControllerTests.framework in Frameworks */ = {isa = PBXBuildFile; fileRef = AA5A443AA4DEC849CD28786F /* Pods_FetchedResultsControllerTests.framework */; };
		435EBFEC1CB5178A00F82C39 /* TableViewFetchedResultsController.swift in Sources */ = {isa = PBXBuildFile; fileRef = F40C76201CB004FC00AF89CB /* TableViewFetchedResultsController.swift */; };
		436ADA591CB29DB700E3C378 /* Test+CoreDataProperties.swift in Sources */ = {isa = PBXBuildFile; fileRef = 436ADA531CB29DB700E3C378 /* Test+CoreDataProperties.swift */; };
		436ADA5A1CB29DB700E3C378 /* Test.swift in Sources */ = {isa = PBXBuildFile; fileRef = 436ADA541CB29DB700E3C378 /* Test.swift */; };
		436ADA5B1CB29DB700E3C378 /* Model.xcdatamodeld in Sources */ = {isa = PBXBuildFile; fileRef = 436ADA551CB29DB700E3C378 /* Model.xcdatamodeld */; };
		43CD253E1CB262FE0031AD03 /* TableViewFetchedResultsControllerTests.swift in Sources */ = {isa = PBXBuildFile; fileRef = 43CD253D1CB262FE0031AD03 /* TableViewFetchedResultsControllerTests.swift */; };
		43CD25401CB266710031AD03 /* TestTableViewFetchedResultsController.swift in Sources */ = {isa = PBXBuildFile; fileRef = 43CD253F1CB266710031AD03 /* TestTableViewFetchedResultsController.swift */; };
		F40C76051CB0045D00AF89CB /* FetchedResultsController.h in Headers */ = {isa = PBXBuildFile; fileRef = F40C76041CB0045D00AF89CB /* FetchedResultsController.h */; settings = {ATTRIBUTES = (Public, ); }; };
		F40C760C1CB0045D00AF89CB /* FetchedResultsController.framework in Frameworks */ = {isa = PBXBuildFile; fileRef = F40C76011CB0045D00AF89CB /* FetchedResultsController.framework */; };
		F40C76211CB004FC00AF89CB /* TableViewFetchedResultsController.swift in Sources */ = {isa = PBXBuildFile; fileRef = F40C76201CB004FC00AF89CB /* TableViewFetchedResultsController.swift */; };
/* End PBXBuildFile section */

/* Begin PBXContainerItemProxy section */
		F40C760D1CB0045D00AF89CB /* PBXContainerItemProxy */ = {
			isa = PBXContainerItemProxy;
			containerPortal = F40C75F81CB0045D00AF89CB /* Project object */;
			proxyType = 1;
			remoteGlobalIDString = F40C76001CB0045D00AF89CB;
			remoteInfo = FetchedResultsController;
		};
/* End PBXContainerItemProxy section */

/* Begin PBXFileReference section */
		436ADA531CB29DB700E3C378 /* Test+CoreDataProperties.swift */ = {isa = PBXFileReference; fileEncoding = 4; lastKnownFileType = sourcecode.swift; path = "Test+CoreDataProperties.swift"; sourceTree = "<group>"; };
		436ADA541CB29DB700E3C378 /* Test.swift */ = {isa = PBXFileReference; fileEncoding = 4; lastKnownFileType = sourcecode.swift; path = Test.swift; sourceTree = "<group>"; };
		436ADA561CB29DB700E3C378 /* Model.xcdatamodel */ = {isa = PBXFileReference; lastKnownFileType = wrapper.xcdatamodel; path = Model.xcdatamodel; sourceTree = "<group>"; };
		43CD253D1CB262FE0031AD03 /* TableViewFetchedResultsControllerTests.swift */ = {isa = PBXFileReference; fileEncoding = 4; lastKnownFileType = sourcecode.swift; path = TableViewFetchedResultsControllerTests.swift; sourceTree = "<group>"; };
		43CD253F1CB266710031AD03 /* TestTableViewFetchedResultsController.swift */ = {isa = PBXFileReference; fileEncoding = 4; lastKnownFileType = sourcecode.swift; path = TestTableViewFetchedResultsController.swift; sourceTree = "<group>"; };
		90B049A0840946C46279059B /* Pods-FetchedResultsControllerTests.release.xcconfig */ = {isa = PBXFileReference; includeInIndex = 1; lastKnownFileType = text.xcconfig; name = "Pods-FetchedResultsControllerTests.release.xcconfig"; path = "Pods/Target Support Files/Pods-FetchedResultsControllerTests/Pods-FetchedResultsControllerTests.release.xcconfig"; sourceTree = "<group>"; };
		9EF6850391A743801D8D3EF6 /* Pods-FetchedResultsControllerTests.debug.xcconfig */ = {isa = PBXFileReference; includeInIndex = 1; lastKnownFileType = text.xcconfig; name = "Pods-FetchedResultsControllerTests.debug.xcconfig"; path = "Pods/Target Support Files/Pods-FetchedResultsControllerTests/Pods-FetchedResultsControllerTests.debug.xcconfig"; sourceTree = "<group>"; };
		AA5A443AA4DEC849CD28786F /* Pods_FetchedResultsControllerTests.framework */ = {isa = PBXFileReference; explicitFileType = wrapper.framework; includeInIndex = 0; path = Pods_FetchedResultsControllerTests.framework; sourceTree = BUILT_PRODUCTS_DIR; };
		F40C76011CB0045D00AF89CB /* FetchedResultsController.framework */ = {isa = PBXFileReference; explicitFileType = wrapper.framework; includeInIndex = 0; path = FetchedResultsController.framework; sourceTree = BUILT_PRODUCTS_DIR; };
		F40C76041CB0045D00AF89CB /* FetchedResultsController.h */ = {isa = PBXFileReference; lastKnownFileType = sourcecode.c.h; path = FetchedResultsController.h; sourceTree = "<group>"; };
		F40C760B1CB0045D00AF89CB /* FetchedResultsControllerTests.xctest */ = {isa = PBXFileReference; explicitFileType = wrapper.cfbundle; includeInIndex = 0; path = FetchedResultsControllerTests.xctest; sourceTree = BUILT_PRODUCTS_DIR; };
		F40C76121CB0045D00AF89CB /* Info.plist */ = {isa = PBXFileReference; lastKnownFileType = text.plist.xml; path = Info.plist; sourceTree = "<group>"; };
		F40C761E1CB004B400AF89CB /* Info.plist */ = {isa = PBXFileReference; fileEncoding = 4; lastKnownFileType = text.plist.xml; path = Info.plist; sourceTree = "<group>"; };
		F40C76201CB004FC00AF89CB /* TableViewFetchedResultsController.swift */ = {isa = PBXFileReference; fileEncoding = 4; lastKnownFileType = sourcecode.swift; path = TableViewFetchedResultsController.swift; sourceTree = "<group>"; };
/* End PBXFileReference section */

/* Begin PBXFrameworksBuildPhase section */
		F40C75FD1CB0045D00AF89CB /* Frameworks */ = {
			isa = PBXFrameworksBuildPhase;
			buildActionMask = 2147483647;
			files = (
			);
			runOnlyForDeploymentPostprocessing = 0;
		};
		F40C76081CB0045D00AF89CB /* Frameworks */ = {
			isa = PBXFrameworksBuildPhase;
			buildActionMask = 2147483647;
			files = (
				F40C760C1CB0045D00AF89CB /* FetchedResultsController.framework in Frameworks */,
				3E681AC73A6823842B59BE54 /* Pods_FetchedResultsControllerTests.framework in Frameworks */,
			);
			runOnlyForDeploymentPostprocessing = 0;
		};
/* End PBXFrameworksBuildPhase section */

/* Begin PBXGroup section */
		436ADA4E1CB29DB700E3C378 /* SupportingFiles */ = {
			isa = PBXGroup;
			children = (
				436ADA4F1CB29DB700E3C378 /* Model */,
			);
			path = SupportingFiles;
			sourceTree = "<group>";
		};
		436ADA4F1CB29DB700E3C378 /* Model */ = {
			isa = PBXGroup;
			children = (
				436ADA501CB29DB700E3C378 /* ManagedObjects */,
				436ADA551CB29DB700E3C378 /* Model.xcdatamodeld */,
			);
			path = Model;
			sourceTree = "<group>";
		};
		436ADA501CB29DB700E3C378 /* ManagedObjects */ = {
			isa = PBXGroup;
			children = (
				436ADA531CB29DB700E3C378 /* Test+CoreDataProperties.swift */,
				436ADA541CB29DB700E3C378 /* Test.swift */,
			);
			path = ManagedObjects;
			sourceTree = "<group>";
		};
		43CD253C1CB262F10031AD03 /* TableView */ = {
			isa = PBXGroup;
			children = (
				43CD253D1CB262FE0031AD03 /* TableViewFetchedResultsControllerTests.swift */,
				43CD253F1CB266710031AD03 /* TestTableViewFetchedResultsController.swift */,
			);
			path = TableView;
			sourceTree = "<group>";
		};
		838539AA7ACB74C37E3819E0 /* Frameworks */ = {
			isa = PBXGroup;
			children = (
				AA5A443AA4DEC849CD28786F /* Pods_FetchedResultsControllerTests.framework */,
			);
			name = Frameworks;
			sourceTree = "<group>";
		};
		F40C75F71CB0045D00AF89CB = {
			isa = PBXGroup;
			children = (
				F40C76031CB0045D00AF89CB /* FetchedResultsController */,
				F40C760F1CB0045D00AF89CB /* FetchedResultsControllerTests */,
				F40C76021CB0045D00AF89CB /* Products */,
				F7056D677790CDA77E265D75 /* Pods */,
				838539AA7ACB74C37E3819E0 /* Frameworks */,
			);
			sourceTree = "<group>";
		};
		F40C76021CB0045D00AF89CB /* Products */ = {
			isa = PBXGroup;
			children = (
				F40C76011CB0045D00AF89CB /* FetchedResultsController.framework */,
				F40C760B1CB0045D00AF89CB /* FetchedResultsControllerTests.xctest */,
			);
			name = Products;
			sourceTree = "<group>";
		};
		F40C76031CB0045D00AF89CB /* FetchedResultsController */ = {
			isa = PBXGroup;
			children = (
				F40C76041CB0045D00AF89CB /* FetchedResultsController.h */,
				F40C761D1CB0049D00AF89CB /* SupportingFiles */,
				F40C761C1CB0049000AF89CB /* TableView */,
			);
			path = FetchedResultsController;
			sourceTree = "<group>";
		};
		F40C760F1CB0045D00AF89CB /* FetchedResultsControllerTests */ = {
			isa = PBXGroup;
			children = (
				F40C76121CB0045D00AF89CB /* Info.plist */,
				436ADA4E1CB29DB700E3C378 /* SupportingFiles */,
				43CD253C1CB262F10031AD03 /* TableView */,
			);
			path = FetchedResultsControllerTests;
			sourceTree = "<group>";
		};
		F40C761C1CB0049000AF89CB /* TableView */ = {
			isa = PBXGroup;
			children = (
				F40C76201CB004FC00AF89CB /* TableViewFetchedResultsController.swift */,
			);
			path = TableView;
			sourceTree = "<group>";
		};
		F40C761D1CB0049D00AF89CB /* SupportingFiles */ = {
			isa = PBXGroup;
			children = (
				F40C761E1CB004B400AF89CB /* Info.plist */,
			);
			path = SupportingFiles;
			sourceTree = "<group>";
		};
		F7056D677790CDA77E265D75 /* Pods */ = {
			isa = PBXGroup;
			children = (
				9EF6850391A743801D8D3EF6 /* Pods-FetchedResultsControllerTests.debug.xcconfig */,
				90B049A0840946C46279059B /* Pods-FetchedResultsControllerTests.release.xcconfig */,
			);
			name = Pods;
			sourceTree = "<group>";
		};
/* End PBXGroup section */

/* Begin PBXHeadersBuildPhase section */
		F40C75FE1CB0045D00AF89CB /* Headers */ = {
			isa = PBXHeadersBuildPhase;
			buildActionMask = 2147483647;
			files = (
				F40C76051CB0045D00AF89CB /* FetchedResultsController.h in Headers */,
			);
			runOnlyForDeploymentPostprocessing = 0;
		};
/* End PBXHeadersBuildPhase section */

/* Begin PBXNativeTarget section */
		F40C76001CB0045D00AF89CB /* FetchedResultsController */ = {
			isa = PBXNativeTarget;
			buildConfigurationList = F40C76151CB0045D00AF89CB /* Build configuration list for PBXNativeTarget "FetchedResultsController" */;
			buildPhases = (
				F40C75FC1CB0045D00AF89CB /* Sources */,
				F40C75FD1CB0045D00AF89CB /* Frameworks */,
				F40C75FE1CB0045D00AF89CB /* Headers */,
				F40C75FF1CB0045D00AF89CB /* Resources */,
			);
			buildRules = (
			);
			dependencies = (
			);
			name = FetchedResultsController;
			productName = FetchedResultsController;
			productReference = F40C76011CB0045D00AF89CB /* FetchedResultsController.framework */;
			productType = "com.apple.product-type.framework";
		};
		F40C760A1CB0045D00AF89CB /* FetchedResultsControllerTests */ = {
			isa = PBXNativeTarget;
			buildConfigurationList = F40C76181CB0045D00AF89CB /* Build configuration list for PBXNativeTarget "FetchedResultsControllerTests" */;
			buildPhases = (
				A65558BAD3302493EE11EFF8 /* [CP] Check Pods Manifest.lock */,
				F40C76071CB0045D00AF89CB /* Sources */,
				F40C76081CB0045D00AF89CB /* Frameworks */,
				F40C76091CB0045D00AF89CB /* Resources */,
				370B555867A288D805CE13AD /* [CP] Embed Pods Frameworks */,
				E7BDDEEED4ECC447C370C97D /* [CP] Copy Pods Resources */,
			);
			buildRules = (
			);
			dependencies = (
				F40C760E1CB0045D00AF89CB /* PBXTargetDependency */,
			);
			name = FetchedResultsControllerTests;
			productName = FetchedResultsControllerTests;
			productReference = F40C760B1CB0045D00AF89CB /* FetchedResultsControllerTests.xctest */;
			productType = "com.apple.product-type.bundle.unit-test";
		};
/* End PBXNativeTarget section */

/* Begin PBXProject section */
		F40C75F81CB0045D00AF89CB /* Project object */ = {
			isa = PBXProject;
			attributes = {
				LastSwiftUpdateCheck = 0730;
				LastUpgradeCheck = 0730;
				ORGANIZATIONNAME = Boles;
				TargetAttributes = {
					F40C76001CB0045D00AF89CB = {
						CreatedOnToolsVersion = 7.3;
					};
					F40C760A1CB0045D00AF89CB = {
						CreatedOnToolsVersion = 7.3;
					};
				};
			};
			buildConfigurationList = F40C75FB1CB0045D00AF89CB /* Build configuration list for PBXProject "FetchedResultsController" */;
			compatibilityVersion = "Xcode 3.2";
			developmentRegion = English;
			hasScannedForEncodings = 0;
			knownRegions = (
				en,
			);
			mainGroup = F40C75F71CB0045D00AF89CB;
			productRefGroup = F40C76021CB0045D00AF89CB /* Products */;
			projectDirPath = "";
			projectRoot = "";
			targets = (
				F40C76001CB0045D00AF89CB /* FetchedResultsController */,
				F40C760A1CB0045D00AF89CB /* FetchedResultsControllerTests */,
			);
		};
/* End PBXProject section */

/* Begin PBXResourcesBuildPhase section */
		F40C75FF1CB0045D00AF89CB /* Resources */ = {
			isa = PBXResourcesBuildPhase;
			buildActionMask = 2147483647;
			files = (
			);
			runOnlyForDeploymentPostprocessing = 0;
		};
		F40C76091CB0045D00AF89CB /* Resources */ = {
			isa = PBXResourcesBuildPhase;
			buildActionMask = 2147483647;
			files = (
			);
			runOnlyForDeploymentPostprocessing = 0;
		};
/* End PBXResourcesBuildPhase section */

/* Begin PBXShellScriptBuildPhase section */
		370B555867A288D805CE13AD /* [CP] Embed Pods Frameworks */ = {
			isa = PBXShellScriptBuildPhase;
			buildActionMask = 2147483647;
			files = (
			);
			inputPaths = (
			);
			name = "[CP] Embed Pods Frameworks";
			outputPaths = (
			);
			runOnlyForDeploymentPostprocessing = 0;
			shellPath = /bin/sh;
			shellScript = "\"${SRCROOT}/Pods/Target Support Files/Pods-FetchedResultsControllerTests/Pods-FetchedResultsControllerTests-frameworks.sh\"\n";
			showEnvVarsInLog = 0;
		};
		A65558BAD3302493EE11EFF8 /* [CP] Check Pods Manifest.lock */ = {
			isa = PBXShellScriptBuildPhase;
			buildActionMask = 2147483647;
			files = (
			);
			inputPaths = (
			);
			name = "[CP] Check Pods Manifest.lock";
			outputPaths = (
			);
			runOnlyForDeploymentPostprocessing = 0;
			shellPath = /bin/sh;
			shellScript = "diff \"${PODS_ROOT}/../Podfile.lock\" \"${PODS_ROOT}/Manifest.lock\" > /dev/null\nif [[ $? != 0 ]] ; then\n    cat << EOM\nerror: The sandbox is not in sync with the Podfile.lock. Run 'pod install' or update your CocoaPods installation.\nEOM\n    exit 1\nfi\n";
			showEnvVarsInLog = 0;
		};
		E7BDDEEED4ECC447C370C97D /* [CP] Copy Pods Resources */ = {
			isa = PBXShellScriptBuildPhase;
			buildActionMask = 2147483647;
			files = (
			);
			inputPaths = (
			);
			name = "[CP] Copy Pods Resources";
			outputPaths = (
			);
			runOnlyForDeploymentPostprocessing = 0;
			shellPath = /bin/sh;
			shellScript = "\"${SRCROOT}/Pods/Target Support Files/Pods-FetchedResultsControllerTests/Pods-FetchedResultsControllerTests-resources.sh\"\n";
			showEnvVarsInLog = 0;
		};
/* End PBXShellScriptBuildPhase section */

/* Begin PBXSourcesBuildPhase section */
		F40C75FC1CB0045D00AF89CB /* Sources */ = {
			isa = PBXSourcesBuildPhase;
			buildActionMask = 2147483647;
			files = (
				F40C76211CB004FC00AF89CB /* TableViewFetchedResultsController.swift in Sources */,
			);
			runOnlyForDeploymentPostprocessing = 0;
		};
		F40C76071CB0045D00AF89CB /* Sources */ = {
			isa = PBXSourcesBuildPhase;
			buildActionMask = 2147483647;
			files = (
				435EBFEC1CB5178A00F82C39 /* TableViewFetchedResultsController.swift in Sources */,
				43CD253E1CB262FE0031AD03 /* TableViewFetchedResultsControllerTests.swift in Sources */,
				436ADA5B1CB29DB700E3C378 /* Model.xcdatamodeld in Sources */,
				436ADA5A1CB29DB700E3C378 /* Test.swift in Sources */,
				436ADA591CB29DB700E3C378 /* Test+CoreDataProperties.swift in Sources */,
				43CD25401CB266710031AD03 /* TestTableViewFetchedResultsController.swift in Sources */,
			);
			runOnlyForDeploymentPostprocessing = 0;
		};
/* End PBXSourcesBuildPhase section */

/* Begin PBXTargetDependency section */
		F40C760E1CB0045D00AF89CB /* PBXTargetDependency */ = {
			isa = PBXTargetDependency;
			target = F40C76001CB0045D00AF89CB /* FetchedResultsController */;
			targetProxy = F40C760D1CB0045D00AF89CB /* PBXContainerItemProxy */;
		};
/* End PBXTargetDependency section */

/* Begin XCBuildConfiguration section */
		F40C76131CB0045D00AF89CB /* Debug */ = {
			isa = XCBuildConfiguration;
			buildSettings = {
				ALWAYS_SEARCH_USER_PATHS = NO;
				CLANG_ANALYZER_NONNULL = YES;
				CLANG_CXX_LANGUAGE_STANDARD = "gnu++0x";
				CLANG_CXX_LIBRARY = "libc++";
				CLANG_ENABLE_MODULES = YES;
				CLANG_ENABLE_OBJC_ARC = YES;
				CLANG_WARN_BOOL_CONVERSION = YES;
				CLANG_WARN_CONSTANT_CONVERSION = YES;
				CLANG_WARN_DIRECT_OBJC_ISA_USAGE = YES_ERROR;
				CLANG_WARN_EMPTY_BODY = YES;
				CLANG_WARN_ENUM_CONVERSION = YES;
				CLANG_WARN_INT_CONVERSION = YES;
				CLANG_WARN_OBJC_ROOT_CLASS = YES_ERROR;
				CLANG_WARN_UNREACHABLE_CODE = YES;
				CLANG_WARN__DUPLICATE_METHOD_MATCH = YES;
				"CODE_SIGN_IDENTITY[sdk=iphoneos*]" = "iPhone Developer";
				COPY_PHASE_STRIP = NO;
				CURRENT_PROJECT_VERSION = 1;
				DEBUG_INFORMATION_FORMAT = dwarf;
				ENABLE_STRICT_OBJC_MSGSEND = YES;
				ENABLE_TESTABILITY = YES;
				GCC_C_LANGUAGE_STANDARD = gnu99;
				GCC_DYNAMIC_NO_PIC = NO;
				GCC_NO_COMMON_BLOCKS = YES;
				GCC_OPTIMIZATION_LEVEL = 0;
				GCC_PREPROCESSOR_DEFINITIONS = (
					"DEBUG=1",
					"$(inherited)",
				);
				GCC_WARN_64_TO_32_BIT_CONVERSION = YES;
				GCC_WARN_ABOUT_RETURN_TYPE = YES_ERROR;
				GCC_WARN_UNDECLARED_SELECTOR = YES;
				GCC_WARN_UNINITIALIZED_AUTOS = YES_AGGRESSIVE;
				GCC_WARN_UNUSED_FUNCTION = YES;
				GCC_WARN_UNUSED_VARIABLE = YES;
				IPHONEOS_DEPLOYMENT_TARGET = 9.3;
				MTL_ENABLE_DEBUG_INFO = YES;
				ONLY_ACTIVE_ARCH = YES;
				SDKROOT = iphoneos;
				SWIFT_OPTIMIZATION_LEVEL = "-Onone";
				TARGETED_DEVICE_FAMILY = "1,2";
				VERSIONING_SYSTEM = "apple-generic";
				VERSION_INFO_PREFIX = "";
			};
			name = Debug;
		};
		F40C76141CB0045D00AF89CB /* Release */ = {
			isa = XCBuildConfiguration;
			buildSettings = {
				ALWAYS_SEARCH_USER_PATHS = NO;
				CLANG_ANALYZER_NONNULL = YES;
				CLANG_CXX_LANGUAGE_STANDARD = "gnu++0x";
				CLANG_CXX_LIBRARY = "libc++";
				CLANG_ENABLE_MODULES = YES;
				CLANG_ENABLE_OBJC_ARC = YES;
				CLANG_WARN_BOOL_CONVERSION = YES;
				CLANG_WARN_CONSTANT_CONVERSION = YES;
				CLANG_WARN_DIRECT_OBJC_ISA_USAGE = YES_ERROR;
				CLANG_WARN_EMPTY_BODY = YES;
				CLANG_WARN_ENUM_CONVERSION = YES;
				CLANG_WARN_INT_CONVERSION = YES;
				CLANG_WARN_OBJC_ROOT_CLASS = YES_ERROR;
				CLANG_WARN_UNREACHABLE_CODE = YES;
				CLANG_WARN__DUPLICATE_METHOD_MATCH = YES;
				"CODE_SIGN_IDENTITY[sdk=iphoneos*]" = "iPhone Developer";
				COPY_PHASE_STRIP = NO;
				CURRENT_PROJECT_VERSION = 1;
				DEBUG_INFORMATION_FORMAT = "dwarf-with-dsym";
				ENABLE_NS_ASSERTIONS = NO;
				ENABLE_STRICT_OBJC_MSGSEND = YES;
				GCC_C_LANGUAGE_STANDARD = gnu99;
				GCC_NO_COMMON_BLOCKS = YES;
				GCC_WARN_64_TO_32_BIT_CONVERSION = YES;
				GCC_WARN_ABOUT_RETURN_TYPE = YES_ERROR;
				GCC_WARN_UNDECLARED_SELECTOR = YES;
				GCC_WARN_UNINITIALIZED_AUTOS = YES_AGGRESSIVE;
				GCC_WARN_UNUSED_FUNCTION = YES;
				GCC_WARN_UNUSED_VARIABLE = YES;
				IPHONEOS_DEPLOYMENT_TARGET = 9.3;
				MTL_ENABLE_DEBUG_INFO = NO;
				SDKROOT = iphoneos;
				TARGETED_DEVICE_FAMILY = "1,2";
				VALIDATE_PRODUCT = YES;
				VERSIONING_SYSTEM = "apple-generic";
				VERSION_INFO_PREFIX = "";
			};
			name = Release;
		};
		F40C76161CB0045D00AF89CB /* Debug */ = {
			isa = XCBuildConfiguration;
			buildSettings = {
				CLANG_ENABLE_MODULES = YES;
				DEFINES_MODULE = YES;
				DYLIB_COMPATIBILITY_VERSION = 1;
				DYLIB_CURRENT_VERSION = 1;
				DYLIB_INSTALL_NAME_BASE = "@rpath";
				INFOPLIST_FILE = FetchedResultsController/SupportingFiles/Info.plist;
				INSTALL_PATH = "$(LOCAL_LIBRARY_DIR)/Frameworks";
				IPHONEOS_DEPLOYMENT_TARGET = 8.0;
				LD_RUNPATH_SEARCH_PATHS = "$(inherited) @executable_path/Frameworks @loader_path/Frameworks";
				PRODUCT_BUNDLE_IDENTIFIER = com.williamboles.FetchedResultsController;
				PRODUCT_NAME = "$(TARGET_NAME)";
				SKIP_INSTALL = YES;
				SWIFT_OPTIMIZATION_LEVEL = "-Onone";
			};
			name = Debug;
		};
		F40C76171CB0045D00AF89CB /* Release */ = {
			isa = XCBuildConfiguration;
			buildSettings = {
				CLANG_ENABLE_MODULES = YES;
				DEFINES_MODULE = YES;
				DYLIB_COMPATIBILITY_VERSION = 1;
				DYLIB_CURRENT_VERSION = 1;
				DYLIB_INSTALL_NAME_BASE = "@rpath";
				INFOPLIST_FILE = FetchedResultsController/SupportingFiles/Info.plist;
				INSTALL_PATH = "$(LOCAL_LIBRARY_DIR)/Frameworks";
				IPHONEOS_DEPLOYMENT_TARGET = 8.0;
				LD_RUNPATH_SEARCH_PATHS = "$(inherited) @executable_path/Frameworks @loader_path/Frameworks";
				PRODUCT_BUNDLE_IDENTIFIER = com.williamboles.FetchedResultsController;
				PRODUCT_NAME = "$(TARGET_NAME)";
				SKIP_INSTALL = YES;
			};
			name = Release;
		};
		F40C76191CB0045D00AF89CB /* Debug */ = {
			isa = XCBuildConfiguration;
			baseConfigurationReference = 9EF6850391A743801D8D3EF6 /* Pods-FetchedResultsControllerTests.debug.xcconfig */;
			buildSettings = {
				INFOPLIST_FILE = FetchedResultsControllerTests/Info.plist;
				LD_RUNPATH_SEARCH_PATHS = "$(inherited) @executable_path/Frameworks @loader_path/Frameworks";
				PRODUCT_BUNDLE_IDENTIFIER = com.williamboles.FetchedResultsControllerTests;
				PRODUCT_NAME = "$(TARGET_NAME)";
			};
			name = Debug;
		};
		F40C761A1CB0045D00AF89CB /* Release */ = {
			isa = XCBuildConfiguration;
			baseConfigurationReference = 90B049A0840946C46279059B /* Pods-FetchedResultsControllerTests.release.xcconfig */;
			buildSettings = {
				INFOPLIST_FILE = FetchedResultsControllerTests/Info.plist;
				LD_RUNPATH_SEARCH_PATHS = "$(inherited) @executable_path/Frameworks @loader_path/Frameworks";
				PRODUCT_BUNDLE_IDENTIFIER = com.williamboles.FetchedResultsControllerTests;
				PRODUCT_NAME = "$(TARGET_NAME)";
			};
			name = Release;
		};
/* End XCBuildConfiguration section */

/* Begin XCConfigurationList section */
		F40C75FB1CB0045D00AF89CB /* Build configuration list for PBXProject "FetchedResultsController" */ = {
			isa = XCConfigurationList;
			buildConfigurations = (
				F40C76131CB0045D00AF89CB /* Debug */,
				F40C76141CB0045D00AF89CB /* Release */,
			);
			defaultConfigurationIsVisible = 0;
			defaultConfigurationName = Release;
		};
		F40C76151CB0045D00AF89CB /* Build configuration list for PBXNativeTarget "FetchedResultsController" */ = {
			isa = XCConfigurationList;
			buildConfigurations = (
				F40C76161CB0045D00AF89CB /* Debug */,
				F40C76171CB0045D00AF89CB /* Release */,
			);
			defaultConfigurationIsVisible = 0;
			defaultConfigurationName = Release;
		};
		F40C76181CB0045D00AF89CB /* Build configuration list for PBXNativeTarget "FetchedResultsControllerTests" */ = {
			isa = XCConfigurationList;
			buildConfigurations = (
				F40C76191CB0045D00AF89CB /* Debug */,
				F40C761A1CB0045D00AF89CB /* Release */,
			);
			defaultConfigurationIsVisible = 0;
			defaultConfigurationName = Release;
		};
/* End XCConfigurationList section */

/* Begin XCVersionGroup section */
		436ADA551CB29DB700E3C378 /* Model.xcdatamodeld */ = {
			isa = XCVersionGroup;
			children = (
				436ADA561CB29DB700E3C378 /* Model.xcdatamodel */,
			);
			currentVersion = 436ADA561CB29DB700E3C378 /* Model.xcdatamodel */;
			path = Model.xcdatamodeld;
			sourceTree = "<group>";
			versionGroupType = wrapper.xcdatamodel;
		};
/* End XCVersionGroup section */
	};
	rootObject = F40C75F81CB0045D00AF89CB /* Project object */;
}
